
Microsoft Visual Studio Solution File, Format Version 12.00
# Visual Studio Version 16
VisualStudioVersion = 16.0.30204.135
MinimumVisualStudioVersion = 10.0.40219.1
Project("{FAE04EC0-301F-11D3-BF4B-00C04F79EFBC}") = "Delegate", "Delegate\Delegate.csproj", "{24DAC381-B366-48DE-A643-7DD427272596}"
EndProject
Global
	GlobalSection(SolutionConfigurationPlatforms) = preSolution
		Debug|Any CPU = Debug|Any CPU
		Release|Any CPU = Release|Any CPU
	EndGlobalSection
	GlobalSection(ProjectConfigurationPlatforms) = postSolution
		{24DAC381-B366-48DE-A643-7DD427272596}.Debug|Any CPU.ActiveCfg = Debug|Any CPU
		{24DAC381-B366-48DE-A643-7DD427272596}.Debug|Any CPU.Build.0 = Debug|Any CPU
		{24DAC381-B366-48DE-A643-7DD427272596}.Release|Any CPU.ActiveCfg = Release|Any CPU
		{24DAC381-B366-48DE-A643-7DD427272596}.Release|Any CPU.Build.0 = Release|Any CPU
	EndGlobalSection
	GlobalSection(SolutionProperties) = preSolution
		HideSolutionNode = FALSE
	EndGlobalSection
	GlobalSection(ExtensibilityGlobals) = postSolution
		SolutionGuid = {A9213DA8-3E95-4A2E-9BC0-4D5EACC3B1DB}
	EndGlobalSection
EndGlobal
